
Microsoft Visual Studio Solution File, Format Version 12.00
# Visual Studio Version 16
VisualStudioVersion = 16.0.31613.86
MinimumVisualStudioVersion = 10.0.40219.1
Project("{FAE04EC0-301F-11D3-BF4B-00C04F79EFBC}") = "BookLibrary", "BookLibrary\BookLibrary.csproj", "{C1B1960A-E210-44AD-9FAB-315971BB98E7}"
EndProject
Project("{FAE04EC0-301F-11D3-BF4B-00C04F79EFBC}") = "BookLibrary.Entites", "BookLibrary.Entites\BookLibrary.Entites.csproj", "{46CF1DAD-5640-4D88-84E7-AD24CBD0FCE6}"
EndProject
Project("{FAE04EC0-301F-11D3-BF4B-00C04F79EFBC}") = "BookLibrary.Repositories", "BookLibrary.Repositories\BookLibrary.Repositories.csproj", "{B1191EAA-5FD0-49B1-AB59-32FDC3BD8B2A}"
EndProject
Project("{FAE04EC0-301F-11D3-BF4B-00C04F79EFBC}") = "BookLibrary.Contracts", "BookLibrary.Contracts\BookLibrary.Contracts.csproj", "{1DE000D1-D946-4598-BE54-DBAD95C3CA63}"
EndProject
Global
	GlobalSection(SolutionConfigurationPlatforms) = preSolution
		Debug|Any CPU = Debug|Any CPU
		Release|Any CPU = Release|Any CPU
	EndGlobalSection
	GlobalSection(ProjectConfigurationPlatforms) = postSolution
		{C1B1960A-E210-44AD-9FAB-315971BB98E7}.Debug|Any CPU.ActiveCfg = Debug|Any CPU
		{C1B1960A-E210-44AD-9FAB-315971BB98E7}.Debug|Any CPU.Build.0 = Debug|Any CPU
		{C1B1960A-E210-44AD-9FAB-315971BB98E7}.Release|Any CPU.ActiveCfg = Release|Any CPU
		{C1B1960A-E210-44AD-9FAB-315971BB98E7}.Release|Any CPU.Build.0 = Release|Any CPU
		{46CF1DAD-5640-4D88-84E7-AD24CBD0FCE6}.Debug|Any CPU.ActiveCfg = Debug|Any CPU
		{46CF1DAD-5640-4D88-84E7-AD24CBD0FCE6}.Debug|Any CPU.Build.0 = Debug|Any CPU
		{46CF1DAD-5640-4D88-84E7-AD24CBD0FCE6}.Release|Any CPU.ActiveCfg = Release|Any CPU
		{46CF1DAD-5640-4D88-84E7-AD24CBD0FCE6}.Release|Any CPU.Build.0 = Release|Any CPU
		{B1191EAA-5FD0-49B1-AB59-32FDC3BD8B2A}.Debug|Any CPU.ActiveCfg = Debug|Any CPU
		{B1191EAA-5FD0-49B1-AB59-32FDC3BD8B2A}.Debug|Any CPU.Build.0 = Debug|Any CPU
		{B1191EAA-5FD0-49B1-AB59-32FDC3BD8B2A}.Release|Any CPU.ActiveCfg = Release|Any CPU
		{B1191EAA-5FD0-49B1-AB59-32FDC3BD8B2A}.Release|Any CPU.Build.0 = Release|Any CPU
		{1DE000D1-D946-4598-BE54-DBAD95C3CA63}.Debug|Any CPU.ActiveCfg = Debug|Any CPU
		{1DE000D1-D946-4598-BE54-DBAD95C3CA63}.Debug|Any CPU.Build.0 = Debug|Any CPU
		{1DE000D1-D946-4598-BE54-DBAD95C3CA63}.Release|Any CPU.ActiveCfg = Release|Any CPU
		{1DE000D1-D946-4598-BE54-DBAD95C3CA63}.Release|Any CPU.Build.0 = Release|Any CPU
	EndGlobalSection
	GlobalSection(SolutionProperties) = preSolution
		HideSolutionNode = FALSE
	EndGlobalSection
	GlobalSection(ExtensibilityGlobals) = postSolution
		SolutionGuid = {698B2FF3-294C-424B-A05A-752F8EE5A83C}
	EndGlobalSection
EndGlobal
